PODS:
  - MJExtension (3.0.15.1)

DEPENDENCIES:
  - MJExtension (~> 3.0.15.1)

SPEC REPOS:
  https://github.com/CocoaPods/Specs.git:
    - MJExtension

SPEC CHECKSUMS:
  MJExtension: 19bc33ce2eee2d319760f5622562cf581a6ff756

PODFILE CHECKSUM: 94db9453167d072f253f19bc7420be13da93d572

COCOAPODS: 1.5.0.beta.1
